
Microsoft Visual Studio Solution File, Format Version 12.00
# Visual Studio 15
VisualStudioVersion = 15.0.28306.52
MinimumVisualStudioVersion = 10.0.40219.1
Project("{9A19103F-16F7-4668-BE54-9A1E7A4F7556}") = "TheBitmexCollector", "TheBitmexCollector\TheBitmexCollector.csproj", "{7A3B9B47-9432-4181-8DAA-8AA5C2F6F411}"
EndProject
Project("{9A19103F-16F7-4668-BE54-9A1E7A4F7556}") = "Bitmex.NET", "Bitmex.NET\Bitmex.NET.csproj", "{A6ECA7E1-D139-4189-9BA9-65F31E0EC8AA}"
EndProject
Global
	GlobalSection(SolutionConfigurationPlatforms) = preSolution
		Debug|Any CPU = Debug|Any CPU
		Release|Any CPU = Release|Any CPU
	EndGlobalSection
	GlobalSection(ProjectConfigurationPlatforms) = postSolution
		{7A3B9B47-9432-4181-8DAA-8AA5C2F6F411}.Debug|Any CPU.ActiveCfg = Debug|Any CPU
		{7A3B9B47-9432-4181-8DAA-8AA5C2F6F411}.Debug|Any CPU.Build.0 = Debug|Any CPU
		{7A3B9B47-9432-4181-8DAA-8AA5C2F6F411}.Release|Any CPU.ActiveCfg = Release|Any CPU
		{7A3B9B47-9432-4181-8DAA-8AA5C2F6F411}.Release|Any CPU.Build.0 = Release|Any CPU
		{A6ECA7E1-D139-4189-9BA9-65F31E0EC8AA}.Debug|Any CPU.ActiveCfg = Debug|Any CPU
		{A6ECA7E1-D139-4189-9BA9-65F31E0EC8AA}.Debug|Any CPU.Build.0 = Debug|Any CPU
		{A6ECA7E1-D139-4189-9BA9-65F31E0EC8AA}.Release|Any CPU.ActiveCfg = Release|Any CPU
		{A6ECA7E1-D139-4189-9BA9-65F31E0EC8AA}.Release|Any CPU.Build.0 = Release|Any CPU
	EndGlobalSection
	GlobalSection(SolutionProperties) = preSolution
		HideSolutionNode = FALSE
	EndGlobalSection
	GlobalSection(ExtensibilityGlobals) = postSolution
		SolutionGuid = {535AE6F8-58AC-4866-9B98-3F402B78C788}
	EndGlobalSection
EndGlobal
